
Microsoft Visual Studio Solution File, Format Version 12.00
# Visual Studio Version 16
VisualStudioVersion = 16.0.30413.136
MinimumVisualStudioVersion = 10.0.40219.1
Project("{FAE04EC0-301F-11D3-BF4B-00C04F79EFBC}") = "Assembly-CSharp", "Assembly-CSharp.csproj", "{BCD2BA3B-A324-8076-B9AD-75C455D89A52}"
EndProject
Project("{9A19103F-16F7-4668-BE54-9A1E7A4F7556}") = "RabbitGameServer", "..\RabbitGameServer\RabbitGameServer.csproj", "{D1B07DD2-17B2-480A-A231-98DB7B1259D8}"
EndProject
Project("{FAE04EC0-301F-11D3-BF4B-00C04F79EFBC}") = "RabbitGame.Common", "..\RabbitGame.Common\RabbitGame.Common.csproj", "{A598FD9D-DC6E-439F-9FB2-D7A410C380E4}"
EndProject
Global
	GlobalSection(SolutionConfigurationPlatforms) = preSolution
		Debug|Any CPU = Debug|Any CPU
		Release|Any CPU = Release|Any CPU
	EndGlobalSection
	GlobalSection(ProjectConfigurationPlatforms) = postSolution
		{BCD2BA3B-A324-8076-B9AD-75C455D89A52}.Debug|Any CPU.ActiveCfg = Debug|Any CPU
		{BCD2BA3B-A324-8076-B9AD-75C455D89A52}.Debug|Any CPU.Build.0 = Debug|Any CPU
		{BCD2BA3B-A324-8076-B9AD-75C455D89A52}.Release|Any CPU.ActiveCfg = Release|Any CPU
		{BCD2BA3B-A324-8076-B9AD-75C455D89A52}.Release|Any CPU.Build.0 = Release|Any CPU
		{D1B07DD2-17B2-480A-A231-98DB7B1259D8}.Debug|Any CPU.ActiveCfg = Debug|Any CPU
		{D1B07DD2-17B2-480A-A231-98DB7B1259D8}.Debug|Any CPU.Build.0 = Debug|Any CPU
		{D1B07DD2-17B2-480A-A231-98DB7B1259D8}.Release|Any CPU.ActiveCfg = Release|Any CPU
		{D1B07DD2-17B2-480A-A231-98DB7B1259D8}.Release|Any CPU.Build.0 = Release|Any CPU
		{A598FD9D-DC6E-439F-9FB2-D7A410C380E4}.Debug|Any CPU.ActiveCfg = Debug|Any CPU
		{A598FD9D-DC6E-439F-9FB2-D7A410C380E4}.Debug|Any CPU.Build.0 = Debug|Any CPU
		{A598FD9D-DC6E-439F-9FB2-D7A410C380E4}.Release|Any CPU.ActiveCfg = Release|Any CPU
		{A598FD9D-DC6E-439F-9FB2-D7A410C380E4}.Release|Any CPU.Build.0 = Release|Any CPU
	EndGlobalSection
	GlobalSection(SolutionProperties) = preSolution
		HideSolutionNode = FALSE
	EndGlobalSection
	GlobalSection(ExtensibilityGlobals) = postSolution
		SolutionGuid = {DB26946F-4F90-4972-9747-5136B69D1A68}
	EndGlobalSection
EndGlobal
